
Microsoft Visual Studio Solution File, Format Version 11.00
# Visual Studio 2010
Project("{FAE04EC0-301F-11D3-BF4B-00C04F79EFBC}") = "paramore.commandprocessor", "paramore.commandprocessor\paramore.commandprocessor.csproj", "{2ACB382A-38FA-49A6-A9CD-212881D3CD37}"
EndProject
Project("{FAE04EC0-301F-11D3-BF4B-00C04F79EFBC}") = "paramore.commandprocessor.tests", "paramore.commandprocessor.tests\paramore.commandprocessor.tests.csproj", "{65BADB63-5F98-4F24-84D7-8C99263F88C6}"
EndProject
Project("{FAE04EC0-301F-11D3-BF4B-00C04F79EFBC}") = "paramore.commandprocessor.ioccontainers", "paramore.commandprocessor.ioccontainers\paramore.commandprocessor.ioccontainers.csproj", "{7B7A3ADA-CED8-4BCF-B643-493607C4579F}"
EndProject
Global
	GlobalSection(SolutionConfigurationPlatforms) = preSolution
		Debug|Any CPU = Debug|Any CPU
		Debug|Mixed Platforms = Debug|Mixed Platforms
		Debug|x86 = Debug|x86
		Release|Any CPU = Release|Any CPU
		Release|Mixed Platforms = Release|Mixed Platforms
		Release|x86 = Release|x86
	EndGlobalSection
	GlobalSection(ProjectConfigurationPlatforms) = postSolution
		{2ACB382A-38FA-49A6-A9CD-212881D3CD37}.Debug|Any CPU.ActiveCfg = Debug|Any CPU
		{2ACB382A-38FA-49A6-A9CD-212881D3CD37}.Debug|Any CPU.Build.0 = Debug|Any CPU
		{2ACB382A-38FA-49A6-A9CD-212881D3CD37}.Debug|Mixed Platforms.ActiveCfg = Debug|Any CPU
		{2ACB382A-38FA-49A6-A9CD-212881D3CD37}.Debug|Mixed Platforms.Build.0 = Debug|Any CPU
		{2ACB382A-38FA-49A6-A9CD-212881D3CD37}.Debug|x86.ActiveCfg = Debug|Any CPU
		{2ACB382A-38FA-49A6-A9CD-212881D3CD37}.Release|Any CPU.ActiveCfg = Release|Any CPU
		{2ACB382A-38FA-49A6-A9CD-212881D3CD37}.Release|Any CPU.Build.0 = Release|Any CPU
		{2ACB382A-38FA-49A6-A9CD-212881D3CD37}.Release|Mixed Platforms.ActiveCfg = Release|Any CPU
		{2ACB382A-38FA-49A6-A9CD-212881D3CD37}.Release|Mixed Platforms.Build.0 = Release|Any CPU
		{2ACB382A-38FA-49A6-A9CD-212881D3CD37}.Release|x86.ActiveCfg = Release|Any CPU
		{65BADB63-5F98-4F24-84D7-8C99263F88C6}.Debug|Any CPU.ActiveCfg = Debug|Any CPU
		{65BADB63-5F98-4F24-84D7-8C99263F88C6}.Debug|Any CPU.Build.0 = Debug|Any CPU
		{65BADB63-5F98-4F24-84D7-8C99263F88C6}.Debug|Mixed Platforms.ActiveCfg = Debug|Any CPU
		{65BADB63-5F98-4F24-84D7-8C99263F88C6}.Debug|Mixed Platforms.Build.0 = Debug|Any CPU
		{65BADB63-5F98-4F24-84D7-8C99263F88C6}.Debug|x86.ActiveCfg = Debug|Any CPU
		{65BADB63-5F98-4F24-84D7-8C99263F88C6}.Release|Any CPU.ActiveCfg = Release|Any CPU
		{65BADB63-5F98-4F24-84D7-8C99263F88C6}.Release|Any CPU.Build.0 = Release|Any CPU
		{65BADB63-5F98-4F24-84D7-8C99263F88C6}.Release|Mixed Platforms.ActiveCfg = Release|Any CPU
		{65BADB63-5F98-4F24-84D7-8C99263F88C6}.Release|Mixed Platforms.Build.0 = Release|Any CPU
		{65BADB63-5F98-4F24-84D7-8C99263F88C6}.Release|x86.ActiveCfg = Release|Any CPU
		{7B7A3ADA-CED8-4BCF-B643-493607C4579F}.Debug|Any CPU.ActiveCfg = Debug|Any CPU
		{7B7A3ADA-CED8-4BCF-B643-493607C4579F}.Debug|Any CPU.Build.0 = Debug|Any CPU
		{7B7A3ADA-CED8-4BCF-B643-493607C4579F}.Debug|Mixed Platforms.ActiveCfg = Debug|Any CPU
		{7B7A3ADA-CED8-4BCF-B643-493607C4579F}.Debug|Mixed Platforms.Build.0 = Debug|Any CPU
		{7B7A3ADA-CED8-4BCF-B643-493607C4579F}.Debug|x86.ActiveCfg = Debug|Any CPU
		{7B7A3ADA-CED8-4BCF-B643-493607C4579F}.Release|Any CPU.ActiveCfg = Release|Any CPU
		{7B7A3ADA-CED8-4BCF-B643-493607C4579F}.Release|Any CPU.Build.0 = Release|Any CPU
		{7B7A3ADA-CED8-4BCF-B643-493607C4579F}.Release|Mixed Platforms.ActiveCfg = Release|Any CPU
		{7B7A3ADA-CED8-4BCF-B643-493607C4579F}.Release|Mixed Platforms.Build.0 = Release|Any CPU
		{7B7A3ADA-CED8-4BCF-B643-493607C4579F}.Release|x86.ActiveCfg = Release|Any CPU
	EndGlobalSection
	GlobalSection(SolutionProperties) = preSolution
		HideSolutionNode = FALSE
	EndGlobalSection
EndGlobal
