
Microsoft Visual Studio Solution File, Format Version 12.00
# Visual Studio 2013
VisualStudioVersion = 12.0.30501.0
MinimumVisualStudioVersion = 10.0.40219.1
Project("{2150E333-8FDC-42A3-9474-1A3956D46DE8}") = "Examples", "Examples", "{235DE1F1-E71B-4817-8E27-3B34FF006E4C}"
EndProject
Project("{2150E333-8FDC-42A3-9474-1A3956D46DE8}") = "Tests", "Tests", "{329736D2-BF92-4D06-A7BF-19F4B6B64EDD}"
EndProject
Project("{FAE04EC0-301F-11D3-BF4B-00C04F79EFBC}") = "Tasklist", "Examples\tasklist\Tasklist.csproj", "{9D36D28B-F9AE-4B51-A120-453D55360778}"
EndProject
Project("{FAE04EC0-301F-11D3-BF4B-00C04F79EFBC}") = "paramore.brighter.commandprocessor.messagestore.ravendb", "paramore.brighter.commandprocessor.messagestore.ravendb\paramore.brighter.commandprocessor.messagestore.ravendb.csproj", "{224F828A-1ABF-4D7B-8C48-66856BFD1DED}"
EndProject
Project("{2150E333-8FDC-42A3-9474-1A3956D46DE8}") = ".nuget", ".nuget", "{1AB1557A-ABD0-42B0-AAE5-A269CE5DEC30}"
	ProjectSection(SolutionItems) = preProject
		.nuget\packages.config = .nuget\packages.config
	EndProjectSection
EndProject
Project("{FAE04EC0-301F-11D3-BF4B-00C04F79EFBC}") = "paramore.brighter.commandprocessor.messaginggateway.rmq", "paramore.brighter.commandprocessor.messaginggateway.rmq\paramore.brighter.commandprocessor.messaginggateway.rmq.csproj", "{380AF497-D2B5-49B2-AA7A-B0D86991B390}"
EndProject
Project("{FAE04EC0-301F-11D3-BF4B-00C04F79EFBC}") = "paramore.brighter.commandprocessor", "paramore.brighter.commandprocessor\paramore.brighter.commandprocessor.csproj", "{2ACB382A-38FA-49A6-A9CD-212881D3CD37}"
EndProject
Project("{FAE04EC0-301F-11D3-BF4B-00C04F79EFBC}") = "paramore.brighter.commandprocessor.exceptionpolicy", "paramore.brighter.commandprocessor.exceptionpolicy\paramore.brighter.commandprocessor.exceptionpolicy.csproj", "{09BBA2DF-AAB0-4801-B646-A1B13D0E7D38}"
EndProject
Project("{FAE04EC0-301F-11D3-BF4B-00C04F79EFBC}") = "paramore.brighter.commandprocessor.timeoutpolicy", "paramore.brighter.commandprocessor.timeoutpolicy\paramore.brighter.commandprocessor.timeoutpolicy.csproj", "{8879C4FA-1395-4B6B-93A5-0BC705EA169D}"
EndProject
Project("{FAE04EC0-301F-11D3-BF4B-00C04F79EFBC}") = "paramore.brighter.commandprocessor.tests", "paramore.brighter.commandprocessor.tests\paramore.brighter.commandprocessor.tests.csproj", "{65BADB63-5F98-4F24-84D7-8C99263F88C6}"
EndProject
Project("{FAE04EC0-301F-11D3-BF4B-00C04F79EFBC}") = "paramore.brighter.serviceactivator", "paramore.brighter.serviceactivator\paramore.brighter.serviceactivator.csproj", "{B9126B00-5A97-4C7D-B395-755456E5FA28}"
EndProject
Project("{FAE04EC0-301F-11D3-BF4B-00C04F79EFBC}") = "TaskMailer", "Examples\TaskMailer\TaskMailer.csproj", "{B7729FE8-B4DB-406F-B54D-49C40A4E49BE}"
EndProject
Project("{FAE04EC0-301F-11D3-BF4B-00C04F79EFBC}") = "Tasks", "Examples\Tasks\Tasks.csproj", "{E7900A56-DA88-46CA-8418-FB4C2BC2D326}"
EndProject
Project("{FAE04EC0-301F-11D3-BF4B-00C04F79EFBC}") = "HelloWorld", "Examples\HelloWorld\HelloWorld.csproj", "{33C68FFA-F7FC-4475-A413-63AC036C201A}"
EndProject
Project("{FAE04EC0-301F-11D3-BF4B-00C04F79EFBC}") = "paramore.brighter.commandprocessor.messagestore.mssql", "paramore.brighter.commandprocessor.messagestore.mssql\paramore.brighter.commandprocessor.messagestore.mssql.csproj", "{C1FC780B-4BAD-47AE-9A0D-FE216239AFD8}"
EndProject
Project("{FAE04EC0-301F-11D3-BF4B-00C04F79EFBC}") = "paramore.brighter.restms.server", "paramore.brighter.restms.server\paramore.brighter.restms.server.csproj", "{0D2FBF93-0555-45EB-A92F-5A7C822F9AE0}"
EndProject
Project("{FAE04EC0-301F-11D3-BF4B-00C04F79EFBC}") = "paramore.brighter.restms.core", "paramore.brighter.restms.core\paramore.brighter.restms.core.csproj", "{72E03A7F-A406-4364-9861-2A10A746AE3A}"
EndProject
Project("{FAE04EC0-301F-11D3-BF4B-00C04F79EFBC}") = "paramore.brighter.commandprocessor.messaginggateway.restms", "paramore.brighter.commandprocessor.messaginggateway.restms\paramore.brighter.commandprocessor.messaginggateway.restms.csproj", "{C8BC2471-9D5C-4E94-81C8-036506F4EC34}"
EndProject
Global
	GlobalSection(SolutionConfigurationPlatforms) = preSolution
		Debug|Any CPU = Debug|Any CPU
		Debug|Mixed Platforms = Debug|Mixed Platforms
		Debug|x86 = Debug|x86
		Release|Any CPU = Release|Any CPU
		Release|Mixed Platforms = Release|Mixed Platforms
		Release|x86 = Release|x86
	EndGlobalSection
	GlobalSection(ProjectConfigurationPlatforms) = postSolution
		{9D36D28B-F9AE-4B51-A120-453D55360778}.Debug|Any CPU.ActiveCfg = Debug|Any CPU
		{9D36D28B-F9AE-4B51-A120-453D55360778}.Debug|Any CPU.Build.0 = Debug|Any CPU
		{9D36D28B-F9AE-4B51-A120-453D55360778}.Debug|Mixed Platforms.ActiveCfg = Debug|Any CPU
		{9D36D28B-F9AE-4B51-A120-453D55360778}.Debug|Mixed Platforms.Build.0 = Debug|Any CPU
		{9D36D28B-F9AE-4B51-A120-453D55360778}.Debug|x86.ActiveCfg = Debug|Any CPU
		{9D36D28B-F9AE-4B51-A120-453D55360778}.Release|Any CPU.ActiveCfg = Release|Any CPU
		{9D36D28B-F9AE-4B51-A120-453D55360778}.Release|Any CPU.Build.0 = Release|Any CPU
		{9D36D28B-F9AE-4B51-A120-453D55360778}.Release|Mixed Platforms.ActiveCfg = Release|Any CPU
		{9D36D28B-F9AE-4B51-A120-453D55360778}.Release|Mixed Platforms.Build.0 = Release|Any CPU
		{9D36D28B-F9AE-4B51-A120-453D55360778}.Release|x86.ActiveCfg = Release|Any CPU
		{224F828A-1ABF-4D7B-8C48-66856BFD1DED}.Debug|Any CPU.ActiveCfg = Debug|Any CPU
		{224F828A-1ABF-4D7B-8C48-66856BFD1DED}.Debug|Any CPU.Build.0 = Debug|Any CPU
		{224F828A-1ABF-4D7B-8C48-66856BFD1DED}.Debug|Mixed Platforms.ActiveCfg = Debug|Any CPU
		{224F828A-1ABF-4D7B-8C48-66856BFD1DED}.Debug|Mixed Platforms.Build.0 = Debug|Any CPU
		{224F828A-1ABF-4D7B-8C48-66856BFD1DED}.Debug|x86.ActiveCfg = Debug|Any CPU
		{224F828A-1ABF-4D7B-8C48-66856BFD1DED}.Release|Any CPU.ActiveCfg = Release|Any CPU
		{224F828A-1ABF-4D7B-8C48-66856BFD1DED}.Release|Any CPU.Build.0 = Release|Any CPU
		{224F828A-1ABF-4D7B-8C48-66856BFD1DED}.Release|Mixed Platforms.ActiveCfg = Release|Any CPU
		{224F828A-1ABF-4D7B-8C48-66856BFD1DED}.Release|Mixed Platforms.Build.0 = Release|Any CPU
		{224F828A-1ABF-4D7B-8C48-66856BFD1DED}.Release|x86.ActiveCfg = Release|Any CPU
		{380AF497-D2B5-49B2-AA7A-B0D86991B390}.Debug|Any CPU.ActiveCfg = Debug|Any CPU
		{380AF497-D2B5-49B2-AA7A-B0D86991B390}.Debug|Any CPU.Build.0 = Debug|Any CPU
		{380AF497-D2B5-49B2-AA7A-B0D86991B390}.Debug|Mixed Platforms.ActiveCfg = Debug|Any CPU
		{380AF497-D2B5-49B2-AA7A-B0D86991B390}.Debug|Mixed Platforms.Build.0 = Debug|Any CPU
		{380AF497-D2B5-49B2-AA7A-B0D86991B390}.Debug|x86.ActiveCfg = Debug|Any CPU
		{380AF497-D2B5-49B2-AA7A-B0D86991B390}.Release|Any CPU.ActiveCfg = Release|Any CPU
		{380AF497-D2B5-49B2-AA7A-B0D86991B390}.Release|Any CPU.Build.0 = Release|Any CPU
		{380AF497-D2B5-49B2-AA7A-B0D86991B390}.Release|Mixed Platforms.ActiveCfg = Release|Any CPU
		{380AF497-D2B5-49B2-AA7A-B0D86991B390}.Release|Mixed Platforms.Build.0 = Release|Any CPU
		{380AF497-D2B5-49B2-AA7A-B0D86991B390}.Release|x86.ActiveCfg = Release|Any CPU
		{2ACB382A-38FA-49A6-A9CD-212881D3CD37}.Debug|Any CPU.ActiveCfg = Debug|Any CPU
		{2ACB382A-38FA-49A6-A9CD-212881D3CD37}.Debug|Any CPU.Build.0 = Debug|Any CPU
		{2ACB382A-38FA-49A6-A9CD-212881D3CD37}.Debug|Mixed Platforms.ActiveCfg = Debug|Any CPU
		{2ACB382A-38FA-49A6-A9CD-212881D3CD37}.Debug|Mixed Platforms.Build.0 = Debug|Any CPU
		{2ACB382A-38FA-49A6-A9CD-212881D3CD37}.Debug|x86.ActiveCfg = Debug|Any CPU
		{2ACB382A-38FA-49A6-A9CD-212881D3CD37}.Release|Any CPU.ActiveCfg = Release|Any CPU
		{2ACB382A-38FA-49A6-A9CD-212881D3CD37}.Release|Any CPU.Build.0 = Release|Any CPU
		{2ACB382A-38FA-49A6-A9CD-212881D3CD37}.Release|Mixed Platforms.ActiveCfg = Release|Any CPU
		{2ACB382A-38FA-49A6-A9CD-212881D3CD37}.Release|Mixed Platforms.Build.0 = Release|Any CPU
		{2ACB382A-38FA-49A6-A9CD-212881D3CD37}.Release|x86.ActiveCfg = Release|Any CPU
		{09BBA2DF-AAB0-4801-B646-A1B13D0E7D38}.Debug|Any CPU.ActiveCfg = Debug|Any CPU
		{09BBA2DF-AAB0-4801-B646-A1B13D0E7D38}.Debug|Any CPU.Build.0 = Debug|Any CPU
		{09BBA2DF-AAB0-4801-B646-A1B13D0E7D38}.Debug|Mixed Platforms.ActiveCfg = Debug|Any CPU
		{09BBA2DF-AAB0-4801-B646-A1B13D0E7D38}.Debug|Mixed Platforms.Build.0 = Debug|Any CPU
		{09BBA2DF-AAB0-4801-B646-A1B13D0E7D38}.Debug|x86.ActiveCfg = Debug|Any CPU
		{09BBA2DF-AAB0-4801-B646-A1B13D0E7D38}.Release|Any CPU.ActiveCfg = Release|Any CPU
		{09BBA2DF-AAB0-4801-B646-A1B13D0E7D38}.Release|Any CPU.Build.0 = Release|Any CPU
		{09BBA2DF-AAB0-4801-B646-A1B13D0E7D38}.Release|Mixed Platforms.ActiveCfg = Release|Any CPU
		{09BBA2DF-AAB0-4801-B646-A1B13D0E7D38}.Release|Mixed Platforms.Build.0 = Release|Any CPU
		{09BBA2DF-AAB0-4801-B646-A1B13D0E7D38}.Release|x86.ActiveCfg = Release|Any CPU
		{8879C4FA-1395-4B6B-93A5-0BC705EA169D}.Debug|Any CPU.ActiveCfg = Debug|Any CPU
		{8879C4FA-1395-4B6B-93A5-0BC705EA169D}.Debug|Any CPU.Build.0 = Debug|Any CPU
		{8879C4FA-1395-4B6B-93A5-0BC705EA169D}.Debug|Mixed Platforms.ActiveCfg = Debug|Any CPU
		{8879C4FA-1395-4B6B-93A5-0BC705EA169D}.Debug|Mixed Platforms.Build.0 = Debug|Any CPU
		{8879C4FA-1395-4B6B-93A5-0BC705EA169D}.Debug|x86.ActiveCfg = Debug|Any CPU
		{8879C4FA-1395-4B6B-93A5-0BC705EA169D}.Release|Any CPU.ActiveCfg = Release|Any CPU
		{8879C4FA-1395-4B6B-93A5-0BC705EA169D}.Release|Any CPU.Build.0 = Release|Any CPU
		{8879C4FA-1395-4B6B-93A5-0BC705EA169D}.Release|Mixed Platforms.ActiveCfg = Release|Any CPU
		{8879C4FA-1395-4B6B-93A5-0BC705EA169D}.Release|Mixed Platforms.Build.0 = Release|Any CPU
		{8879C4FA-1395-4B6B-93A5-0BC705EA169D}.Release|x86.ActiveCfg = Release|Any CPU
		{65BADB63-5F98-4F24-84D7-8C99263F88C6}.Debug|Any CPU.ActiveCfg = Debug|Any CPU
		{65BADB63-5F98-4F24-84D7-8C99263F88C6}.Debug|Any CPU.Build.0 = Debug|Any CPU
		{65BADB63-5F98-4F24-84D7-8C99263F88C6}.Debug|Mixed Platforms.ActiveCfg = Debug|Any CPU
		{65BADB63-5F98-4F24-84D7-8C99263F88C6}.Debug|Mixed Platforms.Build.0 = Debug|Any CPU
		{65BADB63-5F98-4F24-84D7-8C99263F88C6}.Debug|x86.ActiveCfg = Debug|Any CPU
		{65BADB63-5F98-4F24-84D7-8C99263F88C6}.Release|Any CPU.ActiveCfg = Release|Any CPU
		{65BADB63-5F98-4F24-84D7-8C99263F88C6}.Release|Any CPU.Build.0 = Release|Any CPU
		{65BADB63-5F98-4F24-84D7-8C99263F88C6}.Release|Mixed Platforms.ActiveCfg = Release|Any CPU
		{65BADB63-5F98-4F24-84D7-8C99263F88C6}.Release|Mixed Platforms.Build.0 = Release|Any CPU
		{65BADB63-5F98-4F24-84D7-8C99263F88C6}.Release|x86.ActiveCfg = Release|Any CPU
		{B9126B00-5A97-4C7D-B395-755456E5FA28}.Debug|Any CPU.ActiveCfg = Debug|Any CPU
		{B9126B00-5A97-4C7D-B395-755456E5FA28}.Debug|Any CPU.Build.0 = Debug|Any CPU
		{B9126B00-5A97-4C7D-B395-755456E5FA28}.Debug|Mixed Platforms.ActiveCfg = Debug|Any CPU
		{B9126B00-5A97-4C7D-B395-755456E5FA28}.Debug|Mixed Platforms.Build.0 = Debug|Any CPU
		{B9126B00-5A97-4C7D-B395-755456E5FA28}.Debug|x86.ActiveCfg = Debug|Any CPU
		{B9126B00-5A97-4C7D-B395-755456E5FA28}.Release|Any CPU.ActiveCfg = Release|Any CPU
		{B9126B00-5A97-4C7D-B395-755456E5FA28}.Release|Any CPU.Build.0 = Release|Any CPU
		{B9126B00-5A97-4C7D-B395-755456E5FA28}.Release|Mixed Platforms.ActiveCfg = Release|Any CPU
		{B9126B00-5A97-4C7D-B395-755456E5FA28}.Release|Mixed Platforms.Build.0 = Release|Any CPU
		{B9126B00-5A97-4C7D-B395-755456E5FA28}.Release|x86.ActiveCfg = Release|Any CPU
		{B7729FE8-B4DB-406F-B54D-49C40A4E49BE}.Debug|Any CPU.ActiveCfg = Debug|Any CPU
		{B7729FE8-B4DB-406F-B54D-49C40A4E49BE}.Debug|Any CPU.Build.0 = Debug|Any CPU
		{B7729FE8-B4DB-406F-B54D-49C40A4E49BE}.Debug|Mixed Platforms.ActiveCfg = Debug|Any CPU
		{B7729FE8-B4DB-406F-B54D-49C40A4E49BE}.Debug|Mixed Platforms.Build.0 = Debug|Any CPU
		{B7729FE8-B4DB-406F-B54D-49C40A4E49BE}.Debug|x86.ActiveCfg = Debug|Any CPU
		{B7729FE8-B4DB-406F-B54D-49C40A4E49BE}.Release|Any CPU.ActiveCfg = Release|Any CPU
		{B7729FE8-B4DB-406F-B54D-49C40A4E49BE}.Release|Any CPU.Build.0 = Release|Any CPU
		{B7729FE8-B4DB-406F-B54D-49C40A4E49BE}.Release|Mixed Platforms.ActiveCfg = Release|Any CPU
		{B7729FE8-B4DB-406F-B54D-49C40A4E49BE}.Release|Mixed Platforms.Build.0 = Release|Any CPU
		{B7729FE8-B4DB-406F-B54D-49C40A4E49BE}.Release|x86.ActiveCfg = Release|Any CPU
		{E7900A56-DA88-46CA-8418-FB4C2BC2D326}.Debug|Any CPU.ActiveCfg = Debug|Any CPU
		{E7900A56-DA88-46CA-8418-FB4C2BC2D326}.Debug|Any CPU.Build.0 = Debug|Any CPU
		{E7900A56-DA88-46CA-8418-FB4C2BC2D326}.Debug|Mixed Platforms.ActiveCfg = Debug|Any CPU
		{E7900A56-DA88-46CA-8418-FB4C2BC2D326}.Debug|Mixed Platforms.Build.0 = Debug|Any CPU
		{E7900A56-DA88-46CA-8418-FB4C2BC2D326}.Debug|x86.ActiveCfg = Debug|Any CPU
		{E7900A56-DA88-46CA-8418-FB4C2BC2D326}.Release|Any CPU.ActiveCfg = Release|Any CPU
		{E7900A56-DA88-46CA-8418-FB4C2BC2D326}.Release|Any CPU.Build.0 = Release|Any CPU
		{E7900A56-DA88-46CA-8418-FB4C2BC2D326}.Release|Mixed Platforms.ActiveCfg = Release|Any CPU
		{E7900A56-DA88-46CA-8418-FB4C2BC2D326}.Release|Mixed Platforms.Build.0 = Release|Any CPU
		{E7900A56-DA88-46CA-8418-FB4C2BC2D326}.Release|x86.ActiveCfg = Release|Any CPU
		{33C68FFA-F7FC-4475-A413-63AC036C201A}.Debug|Any CPU.ActiveCfg = Debug|Any CPU
		{33C68FFA-F7FC-4475-A413-63AC036C201A}.Debug|Any CPU.Build.0 = Debug|Any CPU
		{33C68FFA-F7FC-4475-A413-63AC036C201A}.Debug|Mixed Platforms.ActiveCfg = Debug|Any CPU
		{33C68FFA-F7FC-4475-A413-63AC036C201A}.Debug|Mixed Platforms.Build.0 = Debug|Any CPU
		{33C68FFA-F7FC-4475-A413-63AC036C201A}.Debug|x86.ActiveCfg = Debug|Any CPU
		{33C68FFA-F7FC-4475-A413-63AC036C201A}.Release|Any CPU.ActiveCfg = Release|Any CPU
		{33C68FFA-F7FC-4475-A413-63AC036C201A}.Release|Any CPU.Build.0 = Release|Any CPU
		{33C68FFA-F7FC-4475-A413-63AC036C201A}.Release|Mixed Platforms.ActiveCfg = Release|Any CPU
		{33C68FFA-F7FC-4475-A413-63AC036C201A}.Release|Mixed Platforms.Build.0 = Release|Any CPU
		{33C68FFA-F7FC-4475-A413-63AC036C201A}.Release|x86.ActiveCfg = Release|Any CPU
		{C1FC780B-4BAD-47AE-9A0D-FE216239AFD8}.Debug|Any CPU.ActiveCfg = Debug|Any CPU
		{C1FC780B-4BAD-47AE-9A0D-FE216239AFD8}.Debug|Any CPU.Build.0 = Debug|Any CPU
		{C1FC780B-4BAD-47AE-9A0D-FE216239AFD8}.Debug|Mixed Platforms.ActiveCfg = Debug|Any CPU
		{C1FC780B-4BAD-47AE-9A0D-FE216239AFD8}.Debug|Mixed Platforms.Build.0 = Debug|Any CPU
		{C1FC780B-4BAD-47AE-9A0D-FE216239AFD8}.Debug|x86.ActiveCfg = Debug|Any CPU
		{C1FC780B-4BAD-47AE-9A0D-FE216239AFD8}.Release|Any CPU.ActiveCfg = Release|Any CPU
		{C1FC780B-4BAD-47AE-9A0D-FE216239AFD8}.Release|Any CPU.Build.0 = Release|Any CPU
		{C1FC780B-4BAD-47AE-9A0D-FE216239AFD8}.Release|Mixed Platforms.ActiveCfg = Release|Any CPU
		{C1FC780B-4BAD-47AE-9A0D-FE216239AFD8}.Release|Mixed Platforms.Build.0 = Release|Any CPU
		{C1FC780B-4BAD-47AE-9A0D-FE216239AFD8}.Release|x86.ActiveCfg = Release|Any CPU
		{0D2FBF93-0555-45EB-A92F-5A7C822F9AE0}.Debug|Any CPU.ActiveCfg = Debug|Any CPU
		{0D2FBF93-0555-45EB-A92F-5A7C822F9AE0}.Debug|Any CPU.Build.0 = Debug|Any CPU
		{0D2FBF93-0555-45EB-A92F-5A7C822F9AE0}.Debug|Mixed Platforms.ActiveCfg = Debug|Any CPU
		{0D2FBF93-0555-45EB-A92F-5A7C822F9AE0}.Debug|Mixed Platforms.Build.0 = Debug|Any CPU
		{0D2FBF93-0555-45EB-A92F-5A7C822F9AE0}.Debug|x86.ActiveCfg = Debug|Any CPU
		{0D2FBF93-0555-45EB-A92F-5A7C822F9AE0}.Release|Any CPU.ActiveCfg = Release|Any CPU
		{0D2FBF93-0555-45EB-A92F-5A7C822F9AE0}.Release|Any CPU.Build.0 = Release|Any CPU
		{0D2FBF93-0555-45EB-A92F-5A7C822F9AE0}.Release|Mixed Platforms.ActiveCfg = Release|Any CPU
		{0D2FBF93-0555-45EB-A92F-5A7C822F9AE0}.Release|Mixed Platforms.Build.0 = Release|Any CPU
		{0D2FBF93-0555-45EB-A92F-5A7C822F9AE0}.Release|x86.ActiveCfg = Release|Any CPU
		{72E03A7F-A406-4364-9861-2A10A746AE3A}.Debug|Any CPU.ActiveCfg = Debug|Any CPU
		{72E03A7F-A406-4364-9861-2A10A746AE3A}.Debug|Any CPU.Build.0 = Debug|Any CPU
		{72E03A7F-A406-4364-9861-2A10A746AE3A}.Debug|Mixed Platforms.ActiveCfg = Debug|Any CPU
		{72E03A7F-A406-4364-9861-2A10A746AE3A}.Debug|Mixed Platforms.Build.0 = Debug|Any CPU
		{72E03A7F-A406-4364-9861-2A10A746AE3A}.Debug|x86.ActiveCfg = Debug|Any CPU
		{72E03A7F-A406-4364-9861-2A10A746AE3A}.Release|Any CPU.ActiveCfg = Release|Any CPU
		{72E03A7F-A406-4364-9861-2A10A746AE3A}.Release|Any CPU.Build.0 = Release|Any CPU
		{72E03A7F-A406-4364-9861-2A10A746AE3A}.Release|Mixed Platforms.ActiveCfg = Release|Any CPU
		{72E03A7F-A406-4364-9861-2A10A746AE3A}.Release|Mixed Platforms.Build.0 = Release|Any CPU
		{72E03A7F-A406-4364-9861-2A10A746AE3A}.Release|x86.ActiveCfg = Release|Any CPU
		{C8BC2471-9D5C-4E94-81C8-036506F4EC34}.Debug|Any CPU.ActiveCfg = Debug|Any CPU
		{C8BC2471-9D5C-4E94-81C8-036506F4EC34}.Debug|Any CPU.Build.0 = Debug|Any CPU
		{C8BC2471-9D5C-4E94-81C8-036506F4EC34}.Debug|Mixed Platforms.ActiveCfg = Debug|Any CPU
		{C8BC2471-9D5C-4E94-81C8-036506F4EC34}.Debug|Mixed Platforms.Build.0 = Debug|Any CPU
		{C8BC2471-9D5C-4E94-81C8-036506F4EC34}.Debug|x86.ActiveCfg = Debug|Any CPU
		{C8BC2471-9D5C-4E94-81C8-036506F4EC34}.Release|Any CPU.ActiveCfg = Release|Any CPU
		{C8BC2471-9D5C-4E94-81C8-036506F4EC34}.Release|Any CPU.Build.0 = Release|Any CPU
		{C8BC2471-9D5C-4E94-81C8-036506F4EC34}.Release|Mixed Platforms.ActiveCfg = Release|Any CPU
		{C8BC2471-9D5C-4E94-81C8-036506F4EC34}.Release|Mixed Platforms.Build.0 = Release|Any CPU
		{C8BC2471-9D5C-4E94-81C8-036506F4EC34}.Release|x86.ActiveCfg = Release|Any CPU
	EndGlobalSection
	GlobalSection(SolutionProperties) = preSolution
		HideSolutionNode = FALSE
	EndGlobalSection
	GlobalSection(NestedProjects) = preSolution
		{9D36D28B-F9AE-4B51-A120-453D55360778} = {235DE1F1-E71B-4817-8E27-3B34FF006E4C}
		{65BADB63-5F98-4F24-84D7-8C99263F88C6} = {329736D2-BF92-4D06-A7BF-19F4B6B64EDD}
		{B7729FE8-B4DB-406F-B54D-49C40A4E49BE} = {235DE1F1-E71B-4817-8E27-3B34FF006E4C}
		{E7900A56-DA88-46CA-8418-FB4C2BC2D326} = {235DE1F1-E71B-4817-8E27-3B34FF006E4C}
		{33C68FFA-F7FC-4475-A413-63AC036C201A} = {235DE1F1-E71B-4817-8E27-3B34FF006E4C}
	EndGlobalSection
EndGlobal
